{
  "version": 4,
  "terraform_version": "1.9.7",
  "serial": 9,
  "lineage": "e3443d63-ee42-3d99-d60d-3750d19e71e1",
  "outputs": {},
  "resources": [
    {
      "mode": "data",
      "type": "aws_subnet",
      "name": "selected",
      "provider": "provider[\"registry.terraform.io/hashicorp/aws\"]",
      "instances": [
        {
          "schema_version": 0,
          "attributes": {
            "arn": "arn:aws:ec2:eu-west-1:767398025409:subnet/subnet-08a95a77a208359c2",
            "assign_ipv6_address_on_creation": false,
            "availability_zone": "eu-west-1b",
            "availability_zone_id": "euw1-az3",
            "available_ip_address_count": 4090,
            "cidr_block": "172.31.32.0/20",
            "customer_owned_ipv4_pool": "",
            "default_for_az": true,
            "enable_dns64": false,
            "enable_lni_at_device_index": 0,
            "enable_resource_name_dns_a_record_on_launch": false,
            "enable_resource_name_dns_aaaa_record_on_launch": false,
            "filter": [
              {
                "name": "tag:Tier",
                "values": [
                  "public"
                ]
              }
            ],
            "id": "subnet-08a95a77a208359c2",
            "ipv6_cidr_block": "",
            "ipv6_cidr_block_association_id": "",
            "ipv6_native": false,
            "map_customer_owned_ip_on_launch": false,
            "map_public_ip_on_launch": true,
            "outpost_arn": "",
            "owner_id": "767398025409",
            "private_dns_hostname_type_on_launch": "ip-name",
            "state": "available",
            "tags": {
              "Tier": "public"
            },
            "timeouts": null,
            "vpc_id": "vpc-0dec0ff1101436095"
          },
          "sensitive_attributes": []
        }
      ]
    },
    {
      "mode": "managed",
      "type": "aws_instance",
      "name": "lcf_lab_instance",
      "provider": "provider[\"registry.terraform.io/hashicorp/aws\"]",
      "instances": [
        {
          "schema_version": 1,
          "attributes": {
            "ami": "ami-017d8144c10ddee8b",
            "arn": "arn:aws:ec2:eu-west-1:767398025409:instance/i-0306c6476e889e625",
            "associate_public_ip_address": true,
            "availability_zone": "eu-west-1b",
            "capacity_reservation_specification": [
              {
                "capacity_reservation_preference": "open",
                "capacity_reservation_target": []
              }
            ],
            "cpu_core_count": 1,
            "cpu_options": [
              {
                "amd_sev_snp": "",
                "core_count": 1,
                "threads_per_core": 1
              }
            ],
            "cpu_threads_per_core": 1,
            "credit_specification": [
              {
                "cpu_credits": "standard"
              }
            ],
            "disable_api_stop": false,
            "disable_api_termination": false,
            "ebs_block_device": [],
            "ebs_optimized": false,
            "enclave_options": [
              {
                "enabled": false
              }
            ],
            "ephemeral_block_device": [],
            "get_password_data": false,
            "hibernation": false,
            "host_id": "",
            "host_resource_group_arn": null,
            "iam_instance_profile": "",
            "id": "i-0306c6476e889e625",
            "instance_initiated_shutdown_behavior": "stop",
            "instance_lifecycle": "",
            "instance_market_options": [],
            "instance_state": "running",
            "instance_type": "t2.micro",
            "ipv6_address_count": 0,
            "ipv6_addresses": [],
            "key_name": "my-key",
            "launch_template": [],
            "maintenance_options": [
              {
                "auto_recovery": "default"
              }
            ],
            "metadata_options": [
              {
                "http_endpoint": "enabled",
                "http_protocol_ipv6": "disabled",
                "http_put_response_hop_limit": 2,
                "http_tokens": "required",
                "instance_metadata_tags": "disabled"
              }
            ],
            "monitoring": false,
            "network_interface": [],
            "outpost_arn": "",
            "password_data": "",
            "placement_group": "",
            "placement_partition_number": 0,
            "primary_network_interface_id": "eni-02d9abe235bdc582a",
            "private_dns": "ip-172-31-40-9.eu-west-1.compute.internal",
            "private_dns_name_options": [
              {
                "enable_resource_name_dns_a_record": false,
                "enable_resource_name_dns_aaaa_record": false,
                "hostname_type": "ip-name"
              }
            ],
            "private_ip": "172.31.40.9",
            "public_dns": "ec2-34-244-177-201.eu-west-1.compute.amazonaws.com",
            "public_ip": "34.244.177.201",
            "root_block_device": [
              {
                "delete_on_termination": true,
                "device_name": "/dev/sda1",
                "encrypted": false,
                "iops": 3000,
                "kms_key_id": "",
                "tags": {
                  "DeployedBy": "terraform",
                  "GitPath": ":module-2-provisioning",
                  "Module": "devops-essentials",
                  "Name": "module-2-provisioning",
                  "Owner": "Cheikh gueye"
                },
                "tags_all": {
                  "DeployedBy": "terraform",
                  "GitPath": ":module-2-provisioning",
                  "Module": "devops-essentials",
                  "Name": "module-2-provisioning",
                  "Owner": "Cheikh gueye"
                },
                "throughput": 125,
                "volume_id": "vol-0bbf8c3eb2ea6840a",
                "volume_size": 8,
                "volume_type": "gp3"
              }
            ],
            "secondary_private_ips": [],
            "security_groups": [
              "nginx-web",
              "ssh-access"
            ],
            "source_dest_check": true,
            "spot_instance_request_id": "",
            "subnet_id": "subnet-08a95a77a208359c2",
            "tags": {
              "DeployedBy": "terraform",
              "GitPath": ":module-2-provisioning",
              "Module": "devops-essentials",
              "Name": "aws_instance_for_nginx",
              "Owner": "Cheikh gueye"
            },
            "tags_all": {
              "DeployedBy": "terraform",
              "GitPath": ":module-2-provisioning",
              "Module": "devops-essentials",
              "Name": "aws_instance_for_nginx",
              "Owner": "Cheikh gueye"
            },
            "tenancy": "default",
            "timeouts": null,
            "user_data": null,
            "user_data_base64": null,
            "user_data_replace_on_change": false,
            "volume_tags": null,
            "vpc_security_group_ids": [
              "sg-098c74f2829f977fb",
              "sg-0dc9e8dfa932b826c"
            ]
          },
          "sensitive_attributes": [],
          "private": "eyJlMmJmYjczMC1lY2FhLTExZTYtOGY4OC0zNDM2M2JjN2M0YzAiOnsiY3JlYXRlIjo2MDAwMDAwMDAwMDAsImRlbGV0ZSI6MTIwMDAwMDAwMDAwMCwicmVhZCI6OTAwMDAwMDAwMDAwLCJ1cGRhdGUiOjYwMDAwMDAwMDAwMH0sInNjaGVtYV92ZXJzaW9uIjoiMSJ9",
          "dependencies": [
            "aws_key_pair.my_key_pair"
          ]
        }
      ]
    },
    {
      "mode": "managed",
      "type": "aws_key_pair",
      "name": "my_key_pair",
      "provider": "provider[\"registry.terraform.io/hashicorp/aws\"]",
      "instances": [
        {
          "schema_version": 1,
          "attributes": {
            "arn": "arn:aws:ec2:eu-west-1:767398025409:key-pair/my-key",
            "fingerprint": "e6:48:73:eb:c3:60:d1:77:31:41:b6:41:ba:af:a3:31",
            "id": "my-key",
            "key_name": "my-key",
            "key_name_prefix": "",
            "key_pair_id": "key-0ae028c758a6d56c0",
            "key_type": "rsa",
            "public_key": "ssh-rsa AAAAB3NzaC1yc2EAAAADAQABAAACAQDOJxK29sW3g/xwzp9y5Dfk/86RZBePMtp0sUqpL4sTH3V6d5ZvGcctkvvuZbvqgSLLfuFT3awLSHQlGc1kNi/y1Fdl2x2eTi2bn/PKT3KOQMEcZ180TtjhMjGnHO6d1vC9UsGxRZ1RgxX/AxUbIa7Ze9rIUAI9rlr6tOu7GX5NhEjbXXQi4EwED4yq7X2V9ERQN4NyrqYSRd8RaIz1fbQ7mfzM9nF3VTNux1yhCpeKT8YybDOp5QjKe8aAXuhQJuiYDXjY/nLCjPbwD71JiDwOAiAS4P3588VuZOJlwjdwjrsxLtehlpWy9Xl5A0LmJ3sWUdW8UH1En21082UMJfEltBp9sqHz3NQ2Oalr1JfzPF+7D57NNzNEao8Qyu+bOkMRCXKk5SVCFfT6xXr5Acmu0/goQe48Vf5LUDXD9qxwStOCe+jH7B2ngYcWI1rJeKK4z3zB4Op6uTvAqzdmhc37KmgUeG3rUxqI0t7BHRRfJ4nAfpX8pt72Yhd8QFfvFDsll9wnElgfIL7hsbUlbU11BRrjjTRDsZhO8+wtmkfMpdH58FQ/DwzH7bvaYMYO/EVWxN4GWWntEMdJyidIQeyc5B4yF2i7ZcxJ/a2ww2Vlu5W5Zwf0NWlc4d+MN3Az34TeJYY7Z9UFIIpGTqtrpOAvtBtyX+mYpT+oPtgpC15bOQ== cheikh gueye@DESKTOP-MIH4P61",
            "tags": null,
            "tags_all": {
              "DeployedBy": "terraform",
              "GitPath": ":module-2-provisioning",
              "Module": "devops-essentials",
              "Name": "module-2-provisioning",
              "Owner": "Cheikh gueye"
            }
          },
          "sensitive_attributes": [],
          "private": "eyJzY2hlbWFfdmVyc2lvbiI6IjEifQ=="
        }
      ]
    },
    {
      "mode": "managed",
      "type": "aws_security_group",
      "name": "nginx_web",
      "provider": "provider[\"registry.terraform.io/hashicorp/aws\"]",
      "instances": [
        {
          "schema_version": 1,
          "attributes": {
            "arn": "arn:aws:ec2:eu-west-1:767398025409:security-group/sg-098c74f2829f977fb",
            "description": "Autorise le trafic HTTP et HTTPS pour Nginx",
            "egress": [
              {
                "cidr_blocks": [
                  "0.0.0.0/0"
                ],
                "description": "",
                "from_port": 0,
                "ipv6_cidr_blocks": [],
                "prefix_list_ids": [],
                "protocol": "-1",
                "security_groups": [],
                "self": false,
                "to_port": 0
              }
            ],
            "id": "sg-098c74f2829f977fb",
            "ingress": [
              {
                "cidr_blocks": [
                  "0.0.0.0/0"
                ],
                "description": "",
                "from_port": 443,
                "ipv6_cidr_blocks": [],
                "prefix_list_ids": [],
                "protocol": "tcp",
                "security_groups": [],
                "self": false,
                "to_port": 443
              },
              {
                "cidr_blocks": [
                  "0.0.0.0/0"
                ],
                "description": "",
                "from_port": 80,
                "ipv6_cidr_blocks": [],
                "prefix_list_ids": [],
                "protocol": "tcp",
                "security_groups": [],
                "self": false,
                "to_port": 80
              }
            ],
            "name": "nginx-web",
            "name_prefix": "",
            "owner_id": "767398025409",
            "revoke_rules_on_delete": false,
            "tags": {
              "DeployedBy": "terraform",
              "GitPath": ":module-2-provisioning",
              "Module": "devops-essentials",
              "Name": "Nginx Web Traffic",
              "Owner": "Cheikh gueye"
            },
            "tags_all": {
              "DeployedBy": "terraform",
              "GitPath": ":module-2-provisioning",
              "Module": "devops-essentials",
              "Name": "Nginx Web Traffic",
              "Owner": "Cheikh gueye"
            },
            "timeouts": null,
            "vpc_id": "vpc-0dec0ff1101436095"
          },
          "sensitive_attributes": [],
          "private": "eyJlMmJmYjczMC1lY2FhLTExZTYtOGY4OC0zNDM2M2JjN2M0YzAiOnsiY3JlYXRlIjo2MDAwMDAwMDAwMDAsImRlbGV0ZSI6OTAwMDAwMDAwMDAwfSwic2NoZW1hX3ZlcnNpb24iOiIxIn0="
        }
      ]
    },
    {
      "mode": "managed",
      "type": "aws_security_group",
      "name": "ssh_access",
      "provider": "provider[\"registry.terraform.io/hashicorp/aws\"]",
      "instances": [
        {
          "schema_version": 1,
          "attributes": {
            "arn": "arn:aws:ec2:eu-west-1:767398025409:security-group/sg-0dc9e8dfa932b826c",
            "description": "Autorise les connexions SSH entrantes",
            "egress": [
              {
                "cidr_blocks": [
                  "0.0.0.0/0"
                ],
                "description": "",
                "from_port": 0,
                "ipv6_cidr_blocks": [],
                "prefix_list_ids": [],
                "protocol": "-1",
                "security_groups": [],
                "self": false,
                "to_port": 0
              }
            ],
            "id": "sg-0dc9e8dfa932b826c",
            "ingress": [
              {
                "cidr_blocks": [
                  "0.0.0.0/0"
                ],
                "description": "",
                "from_port": 22,
                "ipv6_cidr_blocks": [],
                "prefix_list_ids": [],
                "protocol": "tcp",
                "security_groups": [],
                "self": false,
                "to_port": 22
              }
            ],
            "name": "ssh-access",
            "name_prefix": "",
            "owner_id": "767398025409",
            "revoke_rules_on_delete": false,
            "tags": {
              "Name": "SSH Access"
            },
            "tags_all": {
              "DeployedBy": "terraform",
              "GitPath": ":module-2-provisioning",
              "Module": "devops-essentials",
              "Name": "SSH Access",
              "Owner": "Cheikh gueye"
            },
            "timeouts": null,
            "vpc_id": "vpc-0dec0ff1101436095"
          },
          "sensitive_attributes": [],
          "private": "eyJlMmJmYjczMC1lY2FhLTExZTYtOGY4OC0zNDM2M2JjN2M0YzAiOnsiY3JlYXRlIjo2MDAwMDAwMDAwMDAsImRlbGV0ZSI6OTAwMDAwMDAwMDAwfSwic2NoZW1hX3ZlcnNpb24iOiIxIn0="
        }
      ]
    }
  ],
  "check_results": null
}
